
Microsoft Visual Studio Solution File, Format Version 12.00
# Visual Studio Version 17
VisualStudioVersion = 17.14.36414.22 d17.14
MinimumVisualStudioVersion = 10.0.40219.1
Project("{FAE04EC0-301F-11D3-BF4B-00C04F79EFBC}") = "WebApplication1", "WebApplication1.csproj", "{8975FB24-3C93-4D62-B6B1-55DD01C33881}"
EndProject
Global
	GlobalSection(SolutionConfigurationPlatforms) = preSolution
		Debug|Any CPU = Debug|Any CPU
		Release|Any CPU = Release|Any CPU
	EndGlobalSection
	GlobalSection(ProjectConfigurationPlatforms) = postSolution
		{8975FB24-3C93-4D62-B6B1-55DD01C33881}.Debug|Any CPU.ActiveCfg = Debug|Any CPU
		{8975FB24-3C93-4D62-B6B1-55DD01C33881}.Debug|Any CPU.Build.0 = Debug|Any CPU
		{8975FB24-3C93-4D62-B6B1-55DD01C33881}.Release|Any CPU.ActiveCfg = Release|Any CPU
		{8975FB24-3C93-4D62-B6B1-55DD01C33881}.Release|Any CPU.Build.0 = Release|Any CPU
	EndGlobalSection
	GlobalSection(SolutionProperties) = preSolution
		HideSolutionNode = FALSE
	EndGlobalSection
	GlobalSection(ExtensibilityGlobals) = postSolution
		SolutionGuid = {A9986789-3289-4B51-8F46-5753868E6A83}
	EndGlobalSection
EndGlobal
